
Microsoft Visual Studio Solution File, Format Version 12.00
# Visual Studio 15
VisualStudioVersion = 15.0.27428.2037
MinimumVisualStudioVersion = 10.0.40219.1
Project("{FAE04EC0-301F-11D3-BF4B-00C04F79EFBC}") = "FodyExample", "FodyExample\FodyExample.csproj", "{708E03ED-7446-4236-B148-13F881F579D4}"
EndProject
Global
	GlobalSection(SolutionConfigurationPlatforms) = preSolution
		Debug|Any CPU = Debug|Any CPU
		Release|Any CPU = Release|Any CPU
	EndGlobalSection
	GlobalSection(ProjectConfigurationPlatforms) = postSolution
		{708E03ED-7446-4236-B148-13F881F579D4}.Debug|Any CPU.ActiveCfg = Debug|Any CPU
		{708E03ED-7446-4236-B148-13F881F579D4}.Debug|Any CPU.Build.0 = Debug|Any CPU
		{708E03ED-7446-4236-B148-13F881F579D4}.Release|Any CPU.ActiveCfg = Release|Any CPU
		{708E03ED-7446-4236-B148-13F881F579D4}.Release|Any CPU.Build.0 = Release|Any CPU
	EndGlobalSection
	GlobalSection(SolutionProperties) = preSolution
		HideSolutionNode = FALSE
	EndGlobalSection
	GlobalSection(ExtensibilityGlobals) = postSolution
		SolutionGuid = {4D2F85A1-578F-4E19-A21C-5991828EE8CA}
	EndGlobalSection
EndGlobal
